
Microsoft Visual Studio Solution File, Format Version 12.00
# Visual Studio Version 17
VisualStudioVersion = 17.13.35913.81
MinimumVisualStudioVersion = 10.0.40219.1
Project("{9A19103F-16F7-4668-BE54-9A1E7A4F7556}") = "Entities", "Entities\Entities.csproj", "{B4EFB214-8391-4112-B3B6-18A547B19FAF}"
EndProject
Project("{2150E333-8FDC-42A3-9474-1A3956D46DE8}") = "!PL", "!PL", "{36D591C7-65C7-A0D1-1CBC-10CDE441BDC8}"
EndProject
Project("{2150E333-8FDC-42A3-9474-1A3956D46DE8}") = "Entities", "Entities", "{2BD45483-6E08-8D8D-8130-F11346EE9468}"
EndProject
Project("{2150E333-8FDC-42A3-9474-1A3956D46DE8}") = "DAL", "DAL", "{36EB2E8C-3CF1-4F00-B331-8AB29AB4AB58}"
EndProject
Project("{9A19103F-16F7-4668-BE54-9A1E7A4F7556}") = "DAL.EF", "DAL.EF\DAL.EF.csproj", "{B91CA1C9-57D9-4714-9F5D-972701CB0F63}"
EndProject
Project("{9A19103F-16F7-4668-BE54-9A1E7A4F7556}") = "Api", "Api\Api.csproj", "{CBFA08EA-AECE-205F-7B85-326FD0B81BAD}"
EndProject
Project("{2150E333-8FDC-42A3-9474-1A3956D46DE8}") = "BL", "BL", "{837DCFD5-D30A-477A-8B5B-8EE714D7E9F3}"
EndProject
Project("{FAE04EC0-301F-11D3-BF4B-00C04F79EFBC}") = "BL.Services", "Bl.Services\BL.Services.csproj", "{D95E733F-1852-4C47-862F-EDA65896E441}"
EndProject
Project("{9A19103F-16F7-4668-BE54-9A1E7A4F7556}") = "Filters", "Filters\Filters.csproj", "{89DF1342-6DFF-403F-9D51-87991DE1F684}"
EndProject
Project("{2150E333-8FDC-42A3-9474-1A3956D46DE8}") = "Common", "Common", "{A31F9C5D-0008-433B-B4DB-5633FDCE370F}"
EndProject
Project("{FAE04EC0-301F-11D3-BF4B-00C04F79EFBC}") = "DAL.Services", "DAL.Services\DAL.Services.csproj", "{022C8A5F-0534-4A6E-B0FF-9CF05793C8E2}"
EndProject
Project("{FAE04EC0-301F-11D3-BF4B-00C04F79EFBC}") = "CustomExceptions", "CustomExceptions\CustomExceptions.csproj", "{79EECEEE-477F-48DC-8F8E-C6D5F10CF987}"
EndProject
Global
	GlobalSection(SolutionConfigurationPlatforms) = preSolution
		Debug|Any CPU = Debug|Any CPU
		Release|Any CPU = Release|Any CPU
	EndGlobalSection
	GlobalSection(ProjectConfigurationPlatforms) = postSolution
		{B4EFB214-8391-4112-B3B6-18A547B19FAF}.Debug|Any CPU.ActiveCfg = Debug|Any CPU
		{B4EFB214-8391-4112-B3B6-18A547B19FAF}.Debug|Any CPU.Build.0 = Debug|Any CPU
		{B4EFB214-8391-4112-B3B6-18A547B19FAF}.Release|Any CPU.ActiveCfg = Release|Any CPU
		{B4EFB214-8391-4112-B3B6-18A547B19FAF}.Release|Any CPU.Build.0 = Release|Any CPU
		{B91CA1C9-57D9-4714-9F5D-972701CB0F63}.Debug|Any CPU.ActiveCfg = Debug|Any CPU
		{B91CA1C9-57D9-4714-9F5D-972701CB0F63}.Debug|Any CPU.Build.0 = Debug|Any CPU
		{B91CA1C9-57D9-4714-9F5D-972701CB0F63}.Release|Any CPU.ActiveCfg = Release|Any CPU
		{B91CA1C9-57D9-4714-9F5D-972701CB0F63}.Release|Any CPU.Build.0 = Release|Any CPU
		{CBFA08EA-AECE-205F-7B85-326FD0B81BAD}.Debug|Any CPU.ActiveCfg = Debug|Any CPU
		{CBFA08EA-AECE-205F-7B85-326FD0B81BAD}.Debug|Any CPU.Build.0 = Debug|Any CPU
		{CBFA08EA-AECE-205F-7B85-326FD0B81BAD}.Release|Any CPU.ActiveCfg = Release|Any CPU
		{CBFA08EA-AECE-205F-7B85-326FD0B81BAD}.Release|Any CPU.Build.0 = Release|Any CPU
		{D95E733F-1852-4C47-862F-EDA65896E441}.Debug|Any CPU.ActiveCfg = Debug|Any CPU
		{D95E733F-1852-4C47-862F-EDA65896E441}.Debug|Any CPU.Build.0 = Debug|Any CPU
		{D95E733F-1852-4C47-862F-EDA65896E441}.Release|Any CPU.ActiveCfg = Release|Any CPU
		{D95E733F-1852-4C47-862F-EDA65896E441}.Release|Any CPU.Build.0 = Release|Any CPU
		{89DF1342-6DFF-403F-9D51-87991DE1F684}.Debug|Any CPU.ActiveCfg = Debug|Any CPU
		{89DF1342-6DFF-403F-9D51-87991DE1F684}.Debug|Any CPU.Build.0 = Debug|Any CPU
		{89DF1342-6DFF-403F-9D51-87991DE1F684}.Release|Any CPU.ActiveCfg = Release|Any CPU
		{89DF1342-6DFF-403F-9D51-87991DE1F684}.Release|Any CPU.Build.0 = Release|Any CPU
		{022C8A5F-0534-4A6E-B0FF-9CF05793C8E2}.Debug|Any CPU.ActiveCfg = Debug|Any CPU
		{022C8A5F-0534-4A6E-B0FF-9CF05793C8E2}.Debug|Any CPU.Build.0 = Debug|Any CPU
		{022C8A5F-0534-4A6E-B0FF-9CF05793C8E2}.Release|Any CPU.ActiveCfg = Release|Any CPU
		{022C8A5F-0534-4A6E-B0FF-9CF05793C8E2}.Release|Any CPU.Build.0 = Release|Any CPU
		{79EECEEE-477F-48DC-8F8E-C6D5F10CF987}.Debug|Any CPU.ActiveCfg = Debug|Any CPU
		{79EECEEE-477F-48DC-8F8E-C6D5F10CF987}.Debug|Any CPU.Build.0 = Debug|Any CPU
		{79EECEEE-477F-48DC-8F8E-C6D5F10CF987}.Release|Any CPU.ActiveCfg = Release|Any CPU
		{79EECEEE-477F-48DC-8F8E-C6D5F10CF987}.Release|Any CPU.Build.0 = Release|Any CPU
	EndGlobalSection
	GlobalSection(SolutionProperties) = preSolution
		HideSolutionNode = FALSE
	EndGlobalSection
	GlobalSection(NestedProjects) = preSolution
		{B4EFB214-8391-4112-B3B6-18A547B19FAF} = {2BD45483-6E08-8D8D-8130-F11346EE9468}
		{B91CA1C9-57D9-4714-9F5D-972701CB0F63} = {36EB2E8C-3CF1-4F00-B331-8AB29AB4AB58}
		{CBFA08EA-AECE-205F-7B85-326FD0B81BAD} = {36D591C7-65C7-A0D1-1CBC-10CDE441BDC8}
		{D95E733F-1852-4C47-862F-EDA65896E441} = {837DCFD5-D30A-477A-8B5B-8EE714D7E9F3}
		{89DF1342-6DFF-403F-9D51-87991DE1F684} = {A31F9C5D-0008-433B-B4DB-5633FDCE370F}
		{022C8A5F-0534-4A6E-B0FF-9CF05793C8E2} = {36EB2E8C-3CF1-4F00-B331-8AB29AB4AB58}
		{79EECEEE-477F-48DC-8F8E-C6D5F10CF987} = {A31F9C5D-0008-433B-B4DB-5633FDCE370F}
	EndGlobalSection
	GlobalSection(ExtensibilityGlobals) = postSolution
		SolutionGuid = {502CCD5D-F2EB-4056-BF20-1D0CF24EB6B9}
	EndGlobalSection
EndGlobal
